
Microsoft Visual Studio Solution File, Format Version 12.00
# Visual Studio 15
VisualStudioVersion = 15.0.26430.16
MinimumVisualStudioVersion = 10.0.40219.1
Project("{FAE04EC0-301F-11D3-BF4B-00C04F79EFBC}") = "MeuAplicativoComMongoDB", "MeuAplicativoComMongoDB\MeuAplicativoComMongoDB.csproj", "{A5FFC960-5004-45CB-A52C-4181E605FBED}"
EndProject
Project("{FAE04EC0-301F-11D3-BF4B-00C04F79EFBC}") = "MongoDB.Helper", "MongoDB.Helper\MongoDB.Helper.csproj", "{701DA4EC-59B2-4785-988C-F273A90F0111}"
EndProject
Project("{FAE04EC0-301F-11D3-BF4B-00C04F79EFBC}") = "Gamification", "Gamification\Gamification.csproj", "{E5E9EF17-E8F9-4649-B8FD-176E0D701E2F}"
EndProject
Project("{FAE04EC0-301F-11D3-BF4B-00C04F79EFBC}") = "Gamification.Rest", "Gamification.Rest\Gamification.Rest.csproj", "{65FE070D-04DB-434A-AA31-8B16DC999A26}"
EndProject
Project("{FAE04EC0-301F-11D3-BF4B-00C04F79EFBC}") = "Leitor", "Leitor\Leitor.csproj", "{03316AE3-9AB9-4A7E-9598-F74A4BE65AEA}"
EndProject
Project("{FAE04EC0-301F-11D3-BF4B-00C04F79EFBC}") = "Enviador", "Enviador\Enviador.csproj", "{105C63E3-988C-4FFA-9164-299C5DD31080}"
EndProject
Global
	GlobalSection(SolutionConfigurationPlatforms) = preSolution
		Debug|Any CPU = Debug|Any CPU
		Release|Any CPU = Release|Any CPU
	EndGlobalSection
	GlobalSection(ProjectConfigurationPlatforms) = postSolution
		{A5FFC960-5004-45CB-A52C-4181E605FBED}.Debug|Any CPU.ActiveCfg = Debug|Any CPU
		{A5FFC960-5004-45CB-A52C-4181E605FBED}.Debug|Any CPU.Build.0 = Debug|Any CPU
		{A5FFC960-5004-45CB-A52C-4181E605FBED}.Release|Any CPU.ActiveCfg = Release|Any CPU
		{A5FFC960-5004-45CB-A52C-4181E605FBED}.Release|Any CPU.Build.0 = Release|Any CPU
		{701DA4EC-59B2-4785-988C-F273A90F0111}.Debug|Any CPU.ActiveCfg = Debug|Any CPU
		{701DA4EC-59B2-4785-988C-F273A90F0111}.Debug|Any CPU.Build.0 = Debug|Any CPU
		{701DA4EC-59B2-4785-988C-F273A90F0111}.Release|Any CPU.ActiveCfg = Release|Any CPU
		{701DA4EC-59B2-4785-988C-F273A90F0111}.Release|Any CPU.Build.0 = Release|Any CPU
		{E5E9EF17-E8F9-4649-B8FD-176E0D701E2F}.Debug|Any CPU.ActiveCfg = Debug|Any CPU
		{E5E9EF17-E8F9-4649-B8FD-176E0D701E2F}.Debug|Any CPU.Build.0 = Debug|Any CPU
		{E5E9EF17-E8F9-4649-B8FD-176E0D701E2F}.Release|Any CPU.ActiveCfg = Release|Any CPU
		{E5E9EF17-E8F9-4649-B8FD-176E0D701E2F}.Release|Any CPU.Build.0 = Release|Any CPU
		{65FE070D-04DB-434A-AA31-8B16DC999A26}.Debug|Any CPU.ActiveCfg = Debug|Any CPU
		{65FE070D-04DB-434A-AA31-8B16DC999A26}.Debug|Any CPU.Build.0 = Debug|Any CPU
		{65FE070D-04DB-434A-AA31-8B16DC999A26}.Release|Any CPU.ActiveCfg = Release|Any CPU
		{65FE070D-04DB-434A-AA31-8B16DC999A26}.Release|Any CPU.Build.0 = Release|Any CPU
		{03316AE3-9AB9-4A7E-9598-F74A4BE65AEA}.Debug|Any CPU.ActiveCfg = Debug|Any CPU
		{03316AE3-9AB9-4A7E-9598-F74A4BE65AEA}.Debug|Any CPU.Build.0 = Debug|Any CPU
		{03316AE3-9AB9-4A7E-9598-F74A4BE65AEA}.Release|Any CPU.ActiveCfg = Release|Any CPU
		{03316AE3-9AB9-4A7E-9598-F74A4BE65AEA}.Release|Any CPU.Build.0 = Release|Any CPU
		{105C63E3-988C-4FFA-9164-299C5DD31080}.Debug|Any CPU.ActiveCfg = Debug|Any CPU
		{105C63E3-988C-4FFA-9164-299C5DD31080}.Debug|Any CPU.Build.0 = Debug|Any CPU
		{105C63E3-988C-4FFA-9164-299C5DD31080}.Release|Any CPU.ActiveCfg = Release|Any CPU
		{105C63E3-988C-4FFA-9164-299C5DD31080}.Release|Any CPU.Build.0 = Release|Any CPU
	EndGlobalSection
	GlobalSection(SolutionProperties) = preSolution
		HideSolutionNode = FALSE
	EndGlobalSection
EndGlobal
